{
  "name": "com.henke.groupdevice",
  "version": "1.0.0",
  "lockfileVersion": 1,
  "requires": true,
  "dependencies": {
    "athom-api": {
      "version": "2.1.215",
      "resolved": "https://registry.npmjs.org/athom-api/-/athom-api-2.1.215.tgz",
      "integrity": "sha512-tLC+3/jQv50bc0oz8MBUfVkuMW8hFYmwPgmY3vOWMFynLwoneXBPtpgac/Z24gzB5ALx05aYar+7C24S+40dYw=="
    },
    "homey-tools": {
      "version": "git+https://github.com/henan025/homey-tools.git#145efe6f219f5bf879badfdc1570079ce826bfbf",
      "from": "git+https://github.com/henan025/homey-tools.git",
      "requires": {
        "athom-api": "^2.1.215"
      }
    }
  }
}
